
Microsoft Visual Studio Solution File, Format Version 12.00
# Visual Studio Version 16
VisualStudioVersion = 16.0.30011.22
MinimumVisualStudioVersion = 10.0.40219.1
Project("{FAE04EC0-301F-11D3-BF4B-00C04F79EFBC}") = "SampleMvcWithAngular", "SampleMvcWithAngular\SampleMvcWithAngular.csproj", "{243D3F23-B906-4B71-B2CC-04C8E13B1F34}"
EndProject
Project("{FAE04EC0-301F-11D3-BF4B-00C04F79EFBC}") = "SampleMvcWithAngular.Tests", "SampleMvcWithAngular.Tests\SampleMvcWithAngular.Tests.csproj", "{6047AB04-4582-4FF6-8358-150CE0E1A065}"
EndProject
Global
	GlobalSection(SolutionConfigurationPlatforms) = preSolution
		Debug|Any CPU = Debug|Any CPU
		Release|Any CPU = Release|Any CPU
	EndGlobalSection
	GlobalSection(ProjectConfigurationPlatforms) = postSolution
		{243D3F23-B906-4B71-B2CC-04C8E13B1F34}.Debug|Any CPU.ActiveCfg = Debug|Any CPU
		{243D3F23-B906-4B71-B2CC-04C8E13B1F34}.Debug|Any CPU.Build.0 = Debug|Any CPU
		{243D3F23-B906-4B71-B2CC-04C8E13B1F34}.Release|Any CPU.ActiveCfg = Release|Any CPU
		{243D3F23-B906-4B71-B2CC-04C8E13B1F34}.Release|Any CPU.Build.0 = Release|Any CPU
		{6047AB04-4582-4FF6-8358-150CE0E1A065}.Debug|Any CPU.ActiveCfg = Debug|Any CPU
		{6047AB04-4582-4FF6-8358-150CE0E1A065}.Debug|Any CPU.Build.0 = Debug|Any CPU
		{6047AB04-4582-4FF6-8358-150CE0E1A065}.Release|Any CPU.ActiveCfg = Release|Any CPU
		{6047AB04-4582-4FF6-8358-150CE0E1A065}.Release|Any CPU.Build.0 = Release|Any CPU
	EndGlobalSection
	GlobalSection(SolutionProperties) = preSolution
		HideSolutionNode = FALSE
	EndGlobalSection
	GlobalSection(ExtensibilityGlobals) = postSolution
		SolutionGuid = {5392F3F2-49FB-475F-8241-8E7E78F8885D}
	EndGlobalSection
EndGlobal
